# THIS IS AN AUTOGENERATED FILE. DO NOT EDIT THIS FILE DIRECTLY.
# yarn lockfile v1


mux-async-iterator@^1.0.0:
  version "1.0.0"
  resolved "https://registry.yarnpkg.com/mux-async-iterator/-/mux-async-iterator-1.0.0.tgz#7805775eb30ccec3beec6648c73189076aea0911"
  integrity sha512-AV7XkS1FoDypb+qXN8G4sFlQWllzhagoR8/SGIoF3VXfGWxZNqOWqN4+DYxoRKnA9uBHsbT5Sv/1kiZnuyLvFQ==
